
Microsoft Visual Studio Solution File, Format Version 12.00
# Visual Studio Version 16
VisualStudioVersion = 25.0.1704.3
MinimumVisualStudioVersion = 10.0.40219.1
Project("{FAE04EC0-301F-11D3-BF4B-00C04F79EFBC}") = "Collections_lists", "Collections_lists\Collections_lists.csproj", "{8F5DBC9C-0AE7-41F5-8687-3EA372374CFB}"
EndProject
Global
	GlobalSection(SolutionConfigurationPlatforms) = preSolution
		Debug|Any CPU = Debug|Any CPU
		Release|Any CPU = Release|Any CPU
	EndGlobalSection
	GlobalSection(ProjectConfigurationPlatforms) = postSolution
		{8F5DBC9C-0AE7-41F5-8687-3EA372374CFB}.Debug|Any CPU.ActiveCfg = Debug|Any CPU
		{8F5DBC9C-0AE7-41F5-8687-3EA372374CFB}.Debug|Any CPU.Build.0 = Debug|Any CPU
		{8F5DBC9C-0AE7-41F5-8687-3EA372374CFB}.Release|Any CPU.ActiveCfg = Release|Any CPU
		{8F5DBC9C-0AE7-41F5-8687-3EA372374CFB}.Release|Any CPU.Build.0 = Release|Any CPU
	EndGlobalSection
	GlobalSection(SolutionProperties) = preSolution
		HideSolutionNode = FALSE
	EndGlobalSection
	GlobalSection(ExtensibilityGlobals) = postSolution
		SolutionGuid = {CE4EB15F-1596-4CBB-91E2-0826F5EFE97C}
	EndGlobalSection
EndGlobal
