
Microsoft Visual Studio Solution File, Format Version 12.00
# Visual Studio Version 16
VisualStudioVersion = 25.0.1704.3
MinimumVisualStudioVersion = 10.0.40219.1
Project("{FAE04EC0-301F-11D3-BF4B-00C04F79EFBC}") = "NewProject", "NewProject.csproj", "{F1901727-7827-4697-B7A8-2C5CBEC8DDA9}"
EndProject
Global
	GlobalSection(SolutionConfigurationPlatforms) = preSolution
		Debug|Any CPU = Debug|Any CPU
		Release|Any CPU = Release|Any CPU
	EndGlobalSection
	GlobalSection(ProjectConfigurationPlatforms) = postSolution
		{F1901727-7827-4697-B7A8-2C5CBEC8DDA9}.Debug|Any CPU.ActiveCfg = Debug|Any CPU
		{F1901727-7827-4697-B7A8-2C5CBEC8DDA9}.Debug|Any CPU.Build.0 = Debug|Any CPU
		{F1901727-7827-4697-B7A8-2C5CBEC8DDA9}.Release|Any CPU.ActiveCfg = Release|Any CPU
		{F1901727-7827-4697-B7A8-2C5CBEC8DDA9}.Release|Any CPU.Build.0 = Release|Any CPU
	EndGlobalSection
	GlobalSection(SolutionProperties) = preSolution
		HideSolutionNode = FALSE
	EndGlobalSection
	GlobalSection(ExtensibilityGlobals) = postSolution
		SolutionGuid = {7D7FD1D9-0B80-4195-9947-3E708FA382D8}
	EndGlobalSection
EndGlobal
