
Microsoft Visual Studio Solution File, Format Version 12.00
# Visual Studio Version 16
VisualStudioVersion = 25.0.1704.3
MinimumVisualStudioVersion = 10.0.40219.1
Project("{FAE04EC0-301F-11D3-BF4B-00C04F79EFBC}") = "L7_Collections2", "L7_Collections2.csproj", "{8148E884-1C3F-4C68-B6BA-69B460C30A55}"
EndProject
Global
	GlobalSection(SolutionConfigurationPlatforms) = preSolution
		Debug|Any CPU = Debug|Any CPU
		Release|Any CPU = Release|Any CPU
	EndGlobalSection
	GlobalSection(ProjectConfigurationPlatforms) = postSolution
		{8148E884-1C3F-4C68-B6BA-69B460C30A55}.Debug|Any CPU.ActiveCfg = Debug|Any CPU
		{8148E884-1C3F-4C68-B6BA-69B460C30A55}.Debug|Any CPU.Build.0 = Debug|Any CPU
		{8148E884-1C3F-4C68-B6BA-69B460C30A55}.Release|Any CPU.ActiveCfg = Release|Any CPU
		{8148E884-1C3F-4C68-B6BA-69B460C30A55}.Release|Any CPU.Build.0 = Release|Any CPU
	EndGlobalSection
	GlobalSection(SolutionProperties) = preSolution
		HideSolutionNode = FALSE
	EndGlobalSection
	GlobalSection(ExtensibilityGlobals) = postSolution
		SolutionGuid = {90A22686-EBB5-4CA6-AD83-3F0879251700}
	EndGlobalSection
EndGlobal
