
Microsoft Visual Studio Solution File, Format Version 12.00
# Visual Studio Version 16
VisualStudioVersion = 25.0.1704.3
MinimumVisualStudioVersion = 10.0.40219.1
Project("{FAE04EC0-301F-11D3-BF4B-00C04F79EFBC}") = "L8_Generics", "L8_Generics.csproj", "{7E4D8249-040D-48FB-8D2F-8258AF3A9EC8}"
EndProject
Global
	GlobalSection(SolutionConfigurationPlatforms) = preSolution
		Debug|Any CPU = Debug|Any CPU
		Release|Any CPU = Release|Any CPU
	EndGlobalSection
	GlobalSection(ProjectConfigurationPlatforms) = postSolution
		{7E4D8249-040D-48FB-8D2F-8258AF3A9EC8}.Debug|Any CPU.ActiveCfg = Debug|Any CPU
		{7E4D8249-040D-48FB-8D2F-8258AF3A9EC8}.Debug|Any CPU.Build.0 = Debug|Any CPU
		{7E4D8249-040D-48FB-8D2F-8258AF3A9EC8}.Release|Any CPU.ActiveCfg = Release|Any CPU
		{7E4D8249-040D-48FB-8D2F-8258AF3A9EC8}.Release|Any CPU.Build.0 = Release|Any CPU
	EndGlobalSection
	GlobalSection(SolutionProperties) = preSolution
		HideSolutionNode = FALSE
	EndGlobalSection
	GlobalSection(ExtensibilityGlobals) = postSolution
		SolutionGuid = {60A95AED-A25F-43D7-99E9-51D181BD6380}
	EndGlobalSection
EndGlobal
