
Microsoft Visual Studio Solution File, Format Version 12.00
# Visual Studio Version 16
VisualStudioVersion = 25.0.1704.2
MinimumVisualStudioVersion = 10.0.40219.1
Project("{FAE04EC0-301F-11D3-BF4B-00C04F79EFBC}") = "Homework_OOP_L1", "Homework_OOP_L1\Homework_OOP_L1.csproj", "{0A24872D-0900-40DD-8A88-3CB90D9E0943}"
EndProject
Global
	GlobalSection(SolutionConfigurationPlatforms) = preSolution
		Debug|Any CPU = Debug|Any CPU
		Release|Any CPU = Release|Any CPU
	EndGlobalSection
	GlobalSection(ProjectConfigurationPlatforms) = postSolution
		{0A24872D-0900-40DD-8A88-3CB90D9E0943}.Debug|Any CPU.ActiveCfg = Debug|Any CPU
		{0A24872D-0900-40DD-8A88-3CB90D9E0943}.Debug|Any CPU.Build.0 = Debug|Any CPU
		{0A24872D-0900-40DD-8A88-3CB90D9E0943}.Release|Any CPU.ActiveCfg = Release|Any CPU
		{0A24872D-0900-40DD-8A88-3CB90D9E0943}.Release|Any CPU.Build.0 = Release|Any CPU
	EndGlobalSection
	GlobalSection(SolutionProperties) = preSolution
		HideSolutionNode = FALSE
	EndGlobalSection
	GlobalSection(ExtensibilityGlobals) = postSolution
		SolutionGuid = {5E01009E-DB8A-4879-9179-246910BE07CC}
	EndGlobalSection
	GlobalSection(NestedProjects) = preSolution
	EndGlobalSection
EndGlobal
